{
  "version": 4,
  "terraform_version": "1.5.6",
  "serial": 37,
  "lineage": "f3197a1f-6f1e-e349-8540-f08bcd9469a2",
  "outputs": {},
  "resources": [
    {
      "mode": "data",
      "type": "aws_iam_policy_document",
      "name": "role",
      "provider": "provider[\"registry.terraform.io/hashicorp/aws\"]",
      "instances": [
        {
          "schema_version": 0,
          "attributes": {
            "id": "2690255455",
            "json": "{\n  \"Version\": \"2012-10-17\",\n  \"Statement\": [\n    {\n      \"Effect\": \"Allow\",\n      \"Action\": \"sts:AssumeRole\",\n      \"Principal\": {\n        \"Service\": \"lambda.amazonaws.com\"\n      }\n    }\n  ]\n}",
            "override_policy_documents": null,
            "policy_id": null,
            "source_policy_documents": null,
            "statement": [
              {
                "actions": [
                  "sts:AssumeRole"
                ],
                "condition": [],
                "effect": "Allow",
                "not_actions": [],
                "not_principals": [],
                "not_resources": [],
                "principals": [
                  {
                    "identifiers": [
                      "lambda.amazonaws.com"
                    ],
                    "type": "Service"
                  }
                ],
                "resources": [],
                "sid": ""
              }
            ],
            "version": "2012-10-17"
          },
          "sensitive_attributes": []
        }
      ]
    },
    {
      "mode": "managed",
      "type": "aws_api_gateway_deployment",
      "name": "HelloWorldDeployment",
      "provider": "provider[\"registry.terraform.io/hashicorp/aws\"]",
      "instances": [
        {
          "schema_version": 0,
          "attributes": {
            "created_date": "2023-09-06T21:13:23Z",
            "description": "",
            "execution_arn": "arn:aws:execute-api:us-west-2:380514329635:83ivyyqsb8/test",
            "id": "j2so2n",
            "invoke_url": "https://83ivyyqsb8.execute-api.us-west-2.amazonaws.com/test",
            "rest_api_id": "83ivyyqsb8",
            "stage_description": null,
            "stage_name": "test",
            "triggers": null,
            "variables": null
          },
          "sensitive_attributes": [],
          "private": "bnVsbA==",
          "dependencies": [
            "aws_api_gateway_integration.HelloWorldIntegrationRequest",
            "aws_api_gateway_integration_response.HelloWorldIntegrationResponse",
            "aws_api_gateway_method.HelloWorldMethod",
            "aws_api_gateway_method_response.method_response_200",
            "aws_api_gateway_resource.HelloWorldResource",
            "aws_api_gateway_rest_api.HelloWorldAPI",
            "aws_iam_role.part_one_role",
            "aws_lambda_function.HelloWorld",
            "data.aws_iam_policy_document.role",
            "time_sleep.wait_30_seconds"
          ]
        }
      ]
    },
    {
      "mode": "managed",
      "type": "aws_api_gateway_integration",
      "name": "HelloWorldIntegrationRequest",
      "provider": "provider[\"registry.terraform.io/hashicorp/aws\"]",
      "instances": [
        {
          "schema_version": 0,
          "attributes": {
            "cache_key_parameters": null,
            "cache_namespace": "ehtzfk",
            "connection_id": "",
            "connection_type": "INTERNET",
            "content_handling": "CONVERT_TO_TEXT",
            "credentials": "",
            "http_method": "ANY",
            "id": "agi-83ivyyqsb8-ehtzfk-ANY",
            "integration_http_method": "POST",
            "passthrough_behavior": "WHEN_NO_MATCH",
            "request_parameters": null,
            "request_templates": null,
            "resource_id": "ehtzfk",
            "rest_api_id": "83ivyyqsb8",
            "timeout_milliseconds": 29000,
            "tls_config": [],
            "type": "AWS",
            "uri": "arn:aws:apigateway:us-west-2:lambda:path/2015-03-31/functions/arn:aws:lambda:us-west-2:380514329635:function:HelloWorldFunction/invocations"
          },
          "sensitive_attributes": [],
          "private": "bnVsbA==",
          "dependencies": [
            "aws_api_gateway_method.HelloWorldMethod",
            "aws_api_gateway_resource.HelloWorldResource",
            "aws_api_gateway_rest_api.HelloWorldAPI",
            "aws_iam_role.part_one_role",
            "aws_lambda_function.HelloWorld",
            "data.aws_iam_policy_document.role"
          ]
        }
      ]
    },
    {
      "mode": "managed",
      "type": "aws_api_gateway_integration_response",
      "name": "HelloWorldIntegrationResponse",
      "provider": "provider[\"registry.terraform.io/hashicorp/aws\"]",
      "instances": [
        {
          "schema_version": 0,
          "attributes": {
            "content_handling": "",
            "http_method": "ANY",
            "id": "agir-83ivyyqsb8-ehtzfk-ANY-200",
            "resource_id": "ehtzfk",
            "response_parameters": null,
            "response_templates": null,
            "rest_api_id": "83ivyyqsb8",
            "selection_pattern": "",
            "status_code": "200"
          },
          "sensitive_attributes": [],
          "private": "bnVsbA==",
          "dependencies": [
            "aws_api_gateway_method.HelloWorldMethod",
            "aws_api_gateway_method_response.method_response_200",
            "aws_api_gateway_resource.HelloWorldResource",
            "aws_api_gateway_rest_api.HelloWorldAPI",
            "time_sleep.wait_30_seconds"
          ]
        }
      ]
    },
    {
      "mode": "managed",
      "type": "aws_api_gateway_method",
      "name": "HelloWorldMethod",
      "provider": "provider[\"registry.terraform.io/hashicorp/aws\"]",
      "instances": [
        {
          "schema_version": 0,
          "attributes": {
            "api_key_required": false,
            "authorization": "NONE",
            "authorization_scopes": null,
            "authorizer_id": null,
            "http_method": "ANY",
            "id": "agm-83ivyyqsb8-ehtzfk-ANY",
            "operation_name": null,
            "request_models": null,
            "request_parameters": null,
            "request_validator_id": null,
            "resource_id": "ehtzfk",
            "rest_api_id": "83ivyyqsb8"
          },
          "sensitive_attributes": [],
          "private": "bnVsbA==",
          "dependencies": [
            "aws_api_gateway_resource.HelloWorldResource",
            "aws_api_gateway_rest_api.HelloWorldAPI"
          ]
        }
      ]
    },
    {
      "mode": "managed",
      "type": "aws_api_gateway_method_response",
      "name": "method_response_200",
      "provider": "provider[\"registry.terraform.io/hashicorp/aws\"]",
      "instances": [
        {
          "schema_version": 0,
          "attributes": {
            "http_method": "ANY",
            "id": "agmr-83ivyyqsb8-ehtzfk-ANY-200",
            "resource_id": "ehtzfk",
            "response_models": {
              "application/json": "Empty"
            },
            "response_parameters": null,
            "rest_api_id": "83ivyyqsb8",
            "status_code": "200"
          },
          "sensitive_attributes": [],
          "private": "bnVsbA==",
          "dependencies": [
            "aws_api_gateway_method.HelloWorldMethod",
            "aws_api_gateway_resource.HelloWorldResource",
            "aws_api_gateway_rest_api.HelloWorldAPI"
          ]
        }
      ]
    },
    {
      "mode": "managed",
      "type": "aws_api_gateway_resource",
      "name": "HelloWorldResource",
      "provider": "provider[\"registry.terraform.io/hashicorp/aws\"]",
      "instances": [
        {
          "schema_version": 0,
          "attributes": {
            "id": "ehtzfk",
            "parent_id": "882uocg893",
            "path": "/HelloWorld",
            "path_part": "HelloWorld",
            "rest_api_id": "83ivyyqsb8"
          },
          "sensitive_attributes": [],
          "private": "bnVsbA==",
          "dependencies": [
            "aws_api_gateway_rest_api.HelloWorldAPI"
          ]
        }
      ]
    },
    {
      "mode": "managed",
      "type": "aws_api_gateway_rest_api",
      "name": "HelloWorldAPI",
      "provider": "provider[\"registry.terraform.io/hashicorp/aws\"]",
      "instances": [
        {
          "schema_version": 0,
          "attributes": {
            "api_key_source": "HEADER",
            "arn": "arn:aws:apigateway:us-west-2::/restapis/83ivyyqsb8",
            "binary_media_types": [],
            "body": null,
            "created_date": "2023-09-06T21:12:54Z",
            "description": "",
            "disable_execute_api_endpoint": false,
            "endpoint_configuration": [
              {
                "types": [
                  "REGIONAL"
                ],
                "vpc_endpoint_ids": []
              }
            ],
            "execution_arn": "arn:aws:execute-api:us-west-2:380514329635:83ivyyqsb8",
            "fail_on_warnings": null,
            "id": "83ivyyqsb8",
            "minimum_compression_size": "",
            "name": "AssignmentAPIGateway",
            "parameters": null,
            "policy": "",
            "put_rest_api_mode": null,
            "root_resource_id": "882uocg893",
            "tags": null,
            "tags_all": {}
          },
          "sensitive_attributes": [],
          "private": "bnVsbA=="
        }
      ]
    },
    {
      "mode": "managed",
      "type": "aws_iam_role",
      "name": "part_one_role",
      "provider": "provider[\"registry.terraform.io/hashicorp/aws\"]",
      "instances": [
        {
          "schema_version": 0,
          "attributes": {
            "arn": "arn:aws:iam::380514329635:role/terraform-20230906211254988300000001",
            "assume_role_policy": "{\"Statement\":[{\"Action\":\"sts:AssumeRole\",\"Effect\":\"Allow\",\"Principal\":{\"Service\":\"lambda.amazonaws.com\"}}],\"Version\":\"2012-10-17\"}",
            "create_date": "2023-09-06T21:12:54Z",
            "description": "",
            "force_detach_policies": false,
            "id": "terraform-20230906211254988300000001",
            "inline_policy": [],
            "managed_policy_arns": [],
            "max_session_duration": 3600,
            "name": "terraform-20230906211254988300000001",
            "name_prefix": "terraform-",
            "path": "/",
            "permissions_boundary": null,
            "tags": null,
            "tags_all": {},
            "unique_id": "AROAVRGDL4QRR6OWY2X4O"
          },
          "sensitive_attributes": [],
          "private": "bnVsbA==",
          "dependencies": [
            "data.aws_iam_policy_document.role"
          ]
        }
      ]
    },
    {
      "mode": "managed",
      "type": "aws_lambda_function",
      "name": "HelloWorld",
      "provider": "provider[\"registry.terraform.io/hashicorp/aws\"]",
      "instances": [
        {
          "schema_version": 0,
          "attributes": {
            "architectures": [
              "x86_64"
            ],
            "arn": "arn:aws:lambda:us-west-2:380514329635:function:HelloWorldFunction",
            "code_signing_config_arn": "",
            "dead_letter_config": [],
            "description": "",
            "environment": [],
            "ephemeral_storage": [
              {
                "size": 512
              }
            ],
            "file_system_config": [],
            "filename": "target/HelloLambdaWorld-1.0-SNAPSHOT.jar",
            "function_name": "HelloWorldFunction",
            "handler": "example.HelloWorldHandler",
            "id": "HelloWorldFunction",
            "image_config": [],
            "image_uri": "",
            "invoke_arn": "arn:aws:apigateway:us-west-2:lambda:path/2015-03-31/functions/arn:aws:lambda:us-west-2:380514329635:function:HelloWorldFunction/invocations",
            "kms_key_arn": "",
            "last_modified": "2023-09-06T21:13:10.988+0000",
            "layers": null,
            "memory_size": 128,
            "package_type": "Zip",
            "publish": false,
            "qualified_arn": "arn:aws:lambda:us-west-2:380514329635:function:HelloWorldFunction:$LATEST",
            "qualified_invoke_arn": "arn:aws:apigateway:us-west-2:lambda:path/2015-03-31/functions/arn:aws:lambda:us-west-2:380514329635:function:HelloWorldFunction:$LATEST/invocations",
            "replace_security_groups_on_destroy": null,
            "replacement_security_group_ids": null,
            "reserved_concurrent_executions": -1,
            "role": "arn:aws:iam::380514329635:role/terraform-20230906211254988300000001",
            "runtime": "java17",
            "s3_bucket": null,
            "s3_key": null,
            "s3_object_version": null,
            "signing_job_arn": "",
            "signing_profile_version_arn": "",
            "skip_destroy": false,
            "snap_start": [],
            "source_code_hash": "5g5ktiXbxA0bJDn2F7WvtMh8e5LlHmzjUT8/wPH3EXs=",
            "source_code_size": 3373,
            "tags": null,
            "tags_all": {},
            "timeout": 3,
            "timeouts": null,
            "tracing_config": [
              {
                "mode": "PassThrough"
              }
            ],
            "version": "$LATEST",
            "vpc_config": []
          },
          "sensitive_attributes": [],
          "private": "eyJlMmJmYjczMC1lY2FhLTExZTYtOGY4OC0zNDM2M2JjN2M0YzAiOnsiY3JlYXRlIjo2MDAwMDAwMDAwMDAsImRlbGV0ZSI6NjAwMDAwMDAwMDAwLCJ1cGRhdGUiOjYwMDAwMDAwMDAwMH19",
          "dependencies": [
            "aws_iam_role.part_one_role",
            "data.aws_iam_policy_document.role"
          ]
        }
      ]
    },
    {
      "mode": "managed",
      "type": "aws_lambda_permission",
      "name": "HelloWorldPermission",
      "provider": "provider[\"registry.terraform.io/hashicorp/aws\"]",
      "instances": [
        {
          "schema_version": 0,
          "attributes": {
            "action": "lambda:InvokeFunction",
            "event_source_token": null,
            "function_name": "HelloWorldFunction",
            "function_url_auth_type": null,
            "id": "terraform-20230906211317779000000002",
            "principal": "apigateway.amazonaws.com",
            "principal_org_id": null,
            "qualifier": "",
            "source_account": null,
            "source_arn": "arn:aws:execute-api:us-west-2:380514329635:83ivyyqsb8/*",
            "statement_id": "terraform-20230906211317779000000002",
            "statement_id_prefix": "terraform-"
          },
          "sensitive_attributes": [],
          "private": "bnVsbA==",
          "dependencies": [
            "aws_api_gateway_rest_api.HelloWorldAPI",
            "aws_iam_role.part_one_role",
            "aws_lambda_function.HelloWorld",
            "data.aws_iam_policy_document.role"
          ]
        }
      ]
    },
    {
      "mode": "managed",
      "type": "time_sleep",
      "name": "wait_30_seconds",
      "provider": "provider[\"registry.terraform.io/hashicorp/time\"]",
      "instances": [
        {
          "schema_version": 0,
          "attributes": {
            "create_duration": "30s",
            "destroy_duration": null,
            "id": "2023-09-06T21:13:24Z",
            "triggers": null
          },
          "sensitive_attributes": []
        }
      ]
    }
  ],
  "check_results": null
}
